// !$*UTF8*$!
{
	archiveVersion = 1;
	classes = {
	};
	objectVersion = 46;
	objects = {

/* Begin PBXBuildFile section */
		8656A3941D8B98D1001DE18F /* AppDelegate.swift in Sources */ = {isa = PBXBuildFile; fileRef = 8656A3931D8B98D1001DE18F /* AppDelegate.swift */; };
		8656A3961D8B98D1001DE18F /* ViewController.swift in Sources */ = {isa = PBXBuildFile; fileRef = 8656A3951D8B98D1001DE18F /* ViewController.swift */; };
		8656A3991D8B98D1001DE18F /* Main.storyboard in Resources */ = {isa = PBXBuildFile; fileRef = 8656A3971D8B98D1001DE18F /* Main.storyboard */; };
		8656A39B1D8B98D1001DE18F /* Assets.xcassets in Resources */ = {isa = PBXBuildFile; fileRef = 8656A39A1D8B98D1001DE18F /* Assets.xcassets */; };
		8656A39E1D8B98D1001DE18F /* LaunchScreen.storyboard in Resources */ = {isa = PBXBuildFile; fileRef = 8656A39C1D8B98D1001DE18F /* LaunchScreen.storyboard */; };
		8656A3A91D8B98D1001DE18F /* tumble_iosTests.swift in Sources */ = {isa = PBXBuildFile; fileRef = 8656A3A81D8B98D1001DE18F /* tumble_iosTests.swift */; };
		8656A3B41D8B98D1001DE18F /* tumble_iosUITests.swift in Sources */ = {isa = PBXBuildFile; fileRef = 8656A3B31D8B98D1001DE18F /* tumble_iosUITests.swift */; };
/* End PBXBuildFile section */

/* Begin PBXContainerItemProxy section */
		8656A3A51D8B98D1001DE18F /* PBXContainerItemProxy */ = {
			isa = PBXContainerItemProxy;
			containerPortal = 8656A3881D8B98D1001DE18F /* Project object */;
			proxyType = 1;
			remoteGlobalIDString = 8656A38F1D8B98D1001DE18F;
			remoteInfo = "tumble-ios";
		};
		8656A3B01D8B98D1001DE18F /* PBXContainerItemProxy */ = {
			isa = PBXContainerItemProxy;
			containerPortal = 8656A3881D8B98D1001DE18F /* Project object */;
			proxyType = 1;
			remoteGlobalIDString = 8656A38F1D8B98D1001DE18F;
			remoteInfo = "tumble-ios";
		};
/* End PBXContainerItemProxy section */

/* Begin PBXFileReference section */
		8656A3901D8B98D1001DE18F /* tumble-ios.app */ = {isa = PBXFileReference; explicitFileType = wrapper.application; includeInIndex = 0; path = "tumble-ios.app"; sourceTree = BUILT_PRODUCTS_DIR; };
		8656A3931D8B98D1001DE18F /* AppDelegate.swift */ = {isa = PBXFileReference; lastKnownFileType = sourcecode.swift; path = AppDelegate.swift; sourceTree = "<group>"; };
		8656A3951D8B98D1001DE18F /* ViewController.swift */ = {isa = PBXFileReference; lastKnownFileType = sourcecode.swift; path = ViewController.swift; sourceTree = "<group>"; };
		8656A3981D8B98D1001DE18F /* Base */ = {isa = PBXFileReference; lastKnownFileType = file.storyboard; name = Base; path = Base.lproj/Main.storyboard; sourceTree = "<group>"; };
		8656A39A1D8B98D1001DE18F /* Assets.xcassets */ = {isa = PBXFileReference; lastKnownFileType = folder.assetcatalog; path = Assets.xcassets; sourceTree = "<group>"; };
		8656A39D1D8B98D1001DE18F /* Base */ = {isa = PBXFileReference; lastKnownFileType = file.storyboard; name = Base; path = Base.lproj/LaunchScreen.storyboard; sourceTree = "<group>"; };
		8656A39F1D8B98D1001DE18F /* Info.plist */ = {isa = PBXFileReference; lastKnownFileType = text.plist.xml; path = Info.plist; sourceTree = "<group>"; };
		8656A3A41D8B98D1001DE18F /* tumble-iosTests.xctest */ = {isa = PBXFileReference; explicitFileType = wrapper.cfbundle; includeInIndex = 0; path = "tumble-iosTests.xctest"; sourceTree = BUILT_PRODUCTS_DIR; };
		8656A3A81D8B98D1001DE18F /* tumble_iosTests.swift */ = {isa = PBXFileReference; lastKnownFileType = sourcecode.swift; path = tumble_iosTests.swift; sourceTree = "<group>"; };
		8656A3AA1D8B98D1001DE18F /* Info.plist */ = {isa = PBXFileReference; lastKnownFileType = text.plist.xml; path = Info.plist; sourceTree = "<group>"; };
		8656A3AF1D8B98D1001DE18F /* tumble-iosUITests.xctest */ = {isa = PBXFileReference; explicitFileType = wrapper.cfbundle; includeInIndex = 0; path = "tumble-iosUITests.xctest"; sourceTree = BUILT_PRODUCTS_DIR; };
		8656A3B31D8B98D1001DE18F /* tumble_iosUITests.swift */ = {isa = PBXFileReference; lastKnownFileType = sourcecode.swift; path = tumble_iosUITests.swift; sourceTree = "<group>"; };
		8656A3B51D8B98D1001DE18F /* Info.plist */ = {isa = PBXFileReference; lastKnownFileType = text.plist.xml; path = Info.plist; sourceTree = "<group>"; };
/* End PBXFileReference section */

/* Begin PBXFrameworksBuildPhase section */
		8656A38D1D8B98D1001DE18F /* Frameworks */ = {
			isa = PBXFrameworksBuildPhase;
			buildActionMask = 2147483647;
			files = (
			);
			runOnlyForDeploymentPostprocessing = 0;
		};
		8656A3A11D8B98D1001DE18F /* Frameworks */ = {
			isa = PBXFrameworksBuildPhase;
			buildActionMask = 2147483647;
			files = (
			);
			runOnlyForDeploymentPostprocessing = 0;
		};
		8656A3AC1D8B98D1001DE18F /* Frameworks */ = {
			isa = PBXFrameworksBuildPhase;
			buildActionMask = 2147483647;
			files = (
			);
			runOnlyForDeploymentPostprocessing = 0;
		};
/* End PBXFrameworksBuildPhase section */

/* Begin PBXGroup section */
		8656A3871D8B98D1001DE18F = {
			isa = PBXGroup;
			children = (
				8656A3921D8B98D1001DE18F /* tumble-ios */,
				8656A3A71D8B98D1001DE18F /* tumble-iosTests */,
				8656A3B21D8B98D1001DE18F /* tumble-iosUITests */,
				8656A3911D8B98D1001DE18F /* Products */,
			);
			sourceTree = "<group>";
		};
		8656A3911D8B98D1001DE18F /* Products */ = {
			isa = PBXGroup;
			children = (
				8656A3901D8B98D1001DE18F /* tumble-ios.app */,
				8656A3A41D8B98D1001DE18F /* tumble-iosTests.xctest */,
				8656A3AF1D8B98D1001DE18F /* tumble-iosUITests.xctest */,
			);
			name = Products;
			sourceTree = "<group>";
		};
		8656A3921D8B98D1001DE18F /* tumble-ios */ = {
			isa = PBXGroup;
			children = (
				8656A3931D8B98D1001DE18F /* AppDelegate.swift */,
				8656A3951D8B98D1001DE18F /* ViewController.swift */,
				8656A3971D8B98D1001DE18F /* Main.storyboard */,
				8656A39A1D8B98D1001DE18F /* Assets.xcassets */,
				8656A39C1D8B98D1001DE18F /* LaunchScreen.storyboard */,
				8656A39F1D8B98D1001DE18F /* Info.plist */,
			);
			path = "tumble-ios";
			sourceTree = "<group>";
		};
		8656A3A71D8B98D1001DE18F /* tumble-iosTests */ = {
			isa = PBXGroup;
			children = (
				8656A3A81D8B98D1001DE18F /* tumble_iosTests.swift */,
				8656A3AA1D8B98D1001DE18F /* Info.plist */,
			);
			path = "tumble-iosTests";
			sourceTree = "<group>";
		};
		8656A3B21D8B98D1001DE18F /* tumble-iosUITests */ = {
			isa = PBXGroup;
			children = (
				8656A3B31D8B98D1001DE18F /* tumble_iosUITests.swift */,
				8656A3B51D8B98D1001DE18F /* Info.plist */,
			);
			path = "tumble-iosUITests";
			sourceTree = "<group>";
		};
/* End PBXGroup section */

/* Begin PBXNativeTarget section */
		8656A38F1D8B98D1001DE18F /* tumble-ios */ = {
			isa = PBXNativeTarget;
			buildConfigurationList = 8656A3B81D8B98D1001DE18F /* Build configuration list for PBXNativeTarget "tumble-ios" */;
			buildPhases = (
				8656A38C1D8B98D1001DE18F /* Sources */,
				8656A38D1D8B98D1001DE18F /* Frameworks */,
				8656A38E1D8B98D1001DE18F /* Resources */,
			);
			buildRules = (
			);
			dependencies = (
			);
			name = "tumble-ios";
			productName = "tumble-ios";
			productReference = 8656A3901D8B98D1001DE18F /* tumble-ios.app */;
			productType = "com.apple.product-type.application";
		};
		8656A3A31D8B98D1001DE18F /* tumble-iosTests */ = {
			isa = PBXNativeTarget;
			buildConfigurationList = 8656A3BB1D8B98D1001DE18F /* Build configuration list for PBXNativeTarget "tumble-iosTests" */;
			buildPhases = (
				8656A3A01D8B98D1001DE18F /* Sources */,
				8656A3A11D8B98D1001DE18F /* Frameworks */,
				8656A3A21D8B98D1001DE18F /* Resources */,
			);
			buildRules = (
			);
			dependencies = (
				8656A3A61D8B98D1001DE18F /* PBXTargetDependency */,
			);
			name = "tumble-iosTests";
			productName = "tumble-iosTests";
			productReference = 8656A3A41D8B98D1001DE18F /* tumble-iosTests.xctest */;
			productType = "com.apple.product-type.bundle.unit-test";
		};
		8656A3AE1D8B98D1001DE18F /* tumble-iosUITests */ = {
			isa = PBXNativeTarget;
			buildConfigurationList = 8656A3BE1D8B98D1001DE18F /* Build configuration list for PBXNativeTarget "tumble-iosUITests" */;
			buildPhases = (
				8656A3AB1D8B98D1001DE18F /* Sources */,
				8656A3AC1D8B98D1001DE18F /* Frameworks */,
				8656A3AD1D8B98D1001DE18F /* Resources */,
			);
			buildRules = (
			);
			dependencies = (
				8656A3B11D8B98D1001DE18F /* PBXTargetDependency */,
			);
			name = "tumble-iosUITests";
			productName = "tumble-iosUITests";
			productReference = 8656A3AF1D8B98D1001DE18F /* tumble-iosUITests.xctest */;
			productType = "com.apple.product-type.bundle.ui-testing";
		};
/* End PBXNativeTarget section */

/* Begin PBXProject section */
		8656A3881D8B98D1001DE18F /* Project object */ = {
			isa = PBXProject;
			attributes = {
				LastSwiftUpdateCheck = 0730;
				LastUpgradeCheck = 0730;
				ORGANIZATIONNAME = zechariah;
				TargetAttributes = {
					8656A38F1D8B98D1001DE18F = {
						CreatedOnToolsVersion = 7.3.1;
					};
					8656A3A31D8B98D1001DE18F = {
						CreatedOnToolsVersion = 7.3.1;
						TestTargetID = 8656A38F1D8B98D1001DE18F;
					};
					8656A3AE1D8B98D1001DE18F = {
						CreatedOnToolsVersion = 7.3.1;
						TestTargetID = 8656A38F1D8B98D1001DE18F;
					};
				};
			};
			buildConfigurationList = 8656A38B1D8B98D1001DE18F /* Build configuration list for PBXProject "tumble-ios" */;
			compatibilityVersion = "Xcode 3.2";
			developmentRegion = English;
			hasScannedForEncodings = 0;
			knownRegions = (
				en,
				Base,
			);
			mainGroup = 8656A3871D8B98D1001DE18F;
			productRefGroup = 8656A3911D8B98D1001DE18F /* Products */;
			projectDirPath = "";
			projectRoot = "";
			targets = (
				8656A38F1D8B98D1001DE18F /* tumble-ios */,
				8656A3A31D8B98D1001DE18F /* tumble-iosTests */,
				8656A3AE1D8B98D1001DE18F /* tumble-iosUITests */,
			);
		};
/* End PBXProject section */

/* Begin PBXResourcesBuildPhase section */
		8656A38E1D8B98D1001DE18F /* Resources */ = {
			isa = PBXResourcesBuildPhase;
			buildActionMask = 2147483647;
			files = (
				8656A39E1D8B98D1001DE18F /* LaunchScreen.storyboard in Resources */,
				8656A39B1D8B98D1001DE18F /* Assets.xcassets in Resources */,
				8656A3991D8B98D1001DE18F /* Main.storyboard in Resources */,
			);
			runOnlyForDeploymentPostprocessing = 0;
		};
		8656A3A21D8B98D1001DE18F /* Resources */ = {
			isa = PBXResourcesBuildPhase;
			buildActionMask = 2147483647;
			files = (
			);
			runOnlyForDeploymentPostprocessing = 0;
		};
		8656A3AD1D8B98D1001DE18F /* Resources */ = {
			isa = PBXResourcesBuildPhase;
			buildActionMask = 2147483647;
			files = (
			);
			runOnlyForDeploymentPostprocessing = 0;
		};
/* End PBXResourcesBuildPhase section */

/* Begin PBXSourcesBuildPhase section */
		8656A38C1D8B98D1001DE18F /* Sources */ = {
			isa = PBXSourcesBuildPhase;
			buildActionMask = 2147483647;
			files = (
				8656A3961D8B98D1001DE18F /* ViewController.swift in Sources */,
				8656A3941D8B98D1001DE18F /* AppDelegate.swift in Sources */,
			);
			runOnlyForDeploymentPostprocessing = 0;
		};
		8656A3A01D8B98D1001DE18F /* Sources */ = {
			isa = PBXSourcesBuildPhase;
			buildActionMask = 2147483647;
			files = (
				8656A3A91D8B98D1001DE18F /* tumble_iosTests.swift in Sources */,
			);
			runOnlyForDeploymentPostprocessing = 0;
		};
		8656A3AB1D8B98D1001DE18F /* Sources */ = {
			isa = PBXSourcesBuildPhase;
			buildActionMask = 2147483647;
			files = (
				8656A3B41D8B98D1001DE18F /* tumble_iosUITests.swift in Sources */,
			);
			runOnlyForDeploymentPostprocessing = 0;
		};
/* End PBXSourcesBuildPhase section */

/* Begin PBXTargetDependency section */
		8656A3A61D8B98D1001DE18F /* PBXTargetDependency */ = {
			isa = PBXTargetDependency;
			target = 8656A38F1D8B98D1001DE18F /* tumble-ios */;
			targetProxy = 8656A3A51D8B98D1001DE18F /* PBXContainerItemProxy */;
		};
		8656A3B11D8B98D1001DE18F /* PBXTargetDependency */ = {
			isa = PBXTargetDependency;
			target = 8656A38F1D8B98D1001DE18F /* tumble-ios */;
			targetProxy = 8656A3B01D8B98D1001DE18F /* PBXContainerItemProxy */;
		};
/* End PBXTargetDependency section */

/* Begin PBXVariantGroup section */
		8656A3971D8B98D1001DE18F /* Main.storyboard */ = {
			isa = PBXVariantGroup;
			children = (
				8656A3981D8B98D1001DE18F /* Base */,
			);
			name = Main.storyboard;
			sourceTree = "<group>";
		};
		8656A39C1D8B98D1001DE18F /* LaunchScreen.storyboard */ = {
			isa = PBXVariantGroup;
			children = (
				8656A39D1D8B98D1001DE18F /* Base */,
			);
			name = LaunchScreen.storyboard;
			sourceTree = "<group>";
		};
/* End PBXVariantGroup section */

/* Begin XCBuildConfiguration section */
		8656A3B61D8B98D1001DE18F /* Debug */ = {
			isa = XCBuildConfiguration;
			buildSettings = {
				ALWAYS_SEARCH_USER_PATHS = NO;
				CLANG_ANALYZER_NONNULL = YES;
				CLANG_CXX_LANGUAGE_STANDARD = "gnu++0x";
				CLANG_CXX_LIBRARY = "libc++";
				CLANG_ENABLE_MODULES = YES;
				CLANG_ENABLE_OBJC_ARC = YES;
				CLANG_WARN_BOOL_CONVERSION = YES;
				CLANG_WARN_CONSTANT_CONVERSION = YES;
				CLANG_WARN_DIRECT_OBJC_ISA_USAGE = YES_ERROR;
				CLANG_WARN_EMPTY_BODY = YES;
				CLANG_WARN_ENUM_CONVERSION = YES;
				CLANG_WARN_INT_CONVERSION = YES;
				CLANG_WARN_OBJC_ROOT_CLASS = YES_ERROR;
				CLANG_WARN_UNREACHABLE_CODE = YES;
				CLANG_WARN__DUPLICATE_METHOD_MATCH = YES;
				"CODE_SIGN_IDENTITY[sdk=iphoneos*]" = "iPhone Developer";
				COPY_PHASE_STRIP = NO;
				DEBUG_INFORMATION_FORMAT = dwarf;
				ENABLE_STRICT_OBJC_MSGSEND = YES;
				ENABLE_TESTABILITY = YES;
				GCC_C_LANGUAGE_STANDARD = gnu99;
				GCC_DYNAMIC_NO_PIC = NO;
				GCC_NO_COMMON_BLOCKS = YES;
				GCC_OPTIMIZATION_LEVEL = 0;
				GCC_PREPROCESSOR_DEFINITIONS = (
					"DEBUG=1",
					"$(inherited)",
				);
				GCC_WARN_64_TO_32_BIT_CONVERSION = YES;
				GCC_WARN_ABOUT_RETURN_TYPE = YES_ERROR;
				GCC_WARN_UNDECLARED_SELECTOR = YES;
				GCC_WARN_UNINITIALIZED_AUTOS = YES_AGGRESSIVE;
				GCC_WARN_UNUSED_FUNCTION = YES;
				GCC_WARN_UNUSED_VARIABLE = YES;
				IPHONEOS_DEPLOYMENT_TARGET = 9.3;
				MTL_ENABLE_DEBUG_INFO = YES;
				ONLY_ACTIVE_ARCH = YES;
				SDKROOT = iphoneos;
				SWIFT_OPTIMIZATION_LEVEL = "-Onone";
			};
			name = Debug;
		};
		8656A3B71D8B98D1001DE18F /* Release */ = {
			isa = XCBuildConfiguration;
			buildSettings = {
				ALWAYS_SEARCH_USER_PATHS = NO;
				CLANG_ANALYZER_NONNULL = YES;
				CLANG_CXX_LANGUAGE_STANDARD = "gnu++0x";
				CLANG_CXX_LIBRARY = "libc++";
				CLANG_ENABLE_MODULES = YES;
				CLANG_ENABLE_OBJC_ARC = YES;
				CLANG_WARN_BOOL_CONVERSION = YES;
				CLANG_WARN_CONSTANT_CONVERSION = YES;
				CLANG_WARN_DIRECT_OBJC_ISA_USAGE = YES_ERROR;
				CLANG_WARN_EMPTY_BODY = YES;
				CLANG_WARN_ENUM_CONVERSION = YES;
				CLANG_WARN_INT_CONVERSION = YES;
				CLANG_WARN_OBJC_ROOT_CLASS = YES_ERROR;
				CLANG_WARN_UNREACHABLE_CODE = YES;
				CLANG_WARN__DUPLICATE_METHOD_MATCH = YES;
				"CODE_SIGN_IDENTITY[sdk=iphoneos*]" = "iPhone Developer";
				COPY_PHASE_STRIP = NO;
				DEBUG_INFORMATION_FORMAT = "dwarf-with-dsym";
				ENABLE_NS_ASSERTIONS = NO;
				ENABLE_STRICT_OBJC_MSGSEND = YES;
				GCC_C_LANGUAGE_STANDARD = gnu99;
				GCC_NO_COMMON_BLOCKS = YES;
				GCC_WARN_64_TO_32_BIT_CONVERSION = YES;
				GCC_WARN_ABOUT_RETURN_TYPE = YES_ERROR;
				GCC_WARN_UNDECLARED_SELECTOR = YES;
				GCC_WARN_UNINITIALIZED_AUTOS = YES_AGGRESSIVE;
				GCC_WARN_UNUSED_FUNCTION = YES;
				GCC_WARN_UNUSED_VARIABLE = YES;
				IPHONEOS_DEPLOYMENT_TARGET = 9.3;
				MTL_ENABLE_DEBUG_INFO = NO;
				SDKROOT = iphoneos;
				VALIDATE_PRODUCT = YES;
			};
			name = Release;
		};
		8656A3B91D8B98D1001DE18F /* Debug */ = {
			isa = XCBuildConfiguration;
			buildSettings = {
				ASSETCATALOG_COMPILER_APPICON_NAME = AppIcon;
				INFOPLIST_FILE = "tumble-ios/Info.plist";
				LD_RUNPATH_SEARCH_PATHS = "$(inherited) @executable_path/Frameworks";
				PRODUCT_BUNDLE_IDENTIFIER = "me.zechariah.tumble-ios";
				PRODUCT_NAME = "$(TARGET_NAME)";
			};
			name = Debug;
		};
		8656A3BA1D8B98D1001DE18F /* Release */ = {
			isa = XCBuildConfiguration;
			buildSettings = {
				ASSETCATALOG_COMPILER_APPICON_NAME = AppIcon;
				INFOPLIST_FILE = "tumble-ios/Info.plist";
				LD_RUNPATH_SEARCH_PATHS = "$(inherited) @executable_path/Frameworks";
				PRODUCT_BUNDLE_IDENTIFIER = "me.zechariah.tumble-ios";
				PRODUCT_NAME = "$(TARGET_NAME)";
			};
			name = Release;
		};
		8656A3BC1D8B98D1001DE18F /* Debug */ = {
			isa = XCBuildConfiguration;
			buildSettings = {
				BUNDLE_LOADER = "$(TEST_HOST)";
				INFOPLIST_FILE = "tumble-iosTests/Info.plist";
				LD_RUNPATH_SEARCH_PATHS = "$(inherited) @executable_path/Frameworks @loader_path/Frameworks";
				PRODUCT_BUNDLE_IDENTIFIER = "me.zechariah.tumble-iosTests";
				PRODUCT_NAME = "$(TARGET_NAME)";
				TEST_HOST = "$(BUILT_PRODUCTS_DIR)/tumble-ios.app/tumble-ios";
			};
			name = Debug;
		};
		8656A3BD1D8B98D1001DE18F /* Release */ = {
			isa = XCBuildConfiguration;
			buildSettings = {
				BUNDLE_LOADER = "$(TEST_HOST)";
				INFOPLIST_FILE = "tumble-iosTests/Info.plist";
				LD_RUNPATH_SEARCH_PATHS = "$(inherited) @executable_path/Frameworks @loader_path/Frameworks";
				PRODUCT_BUNDLE_IDENTIFIER = "me.zechariah.tumble-iosTests";
				PRODUCT_NAME = "$(TARGET_NAME)";
				TEST_HOST = "$(BUILT_PRODUCTS_DIR)/tumble-ios.app/tumble-ios";
			};
			name = Release;
		};
		8656A3BF1D8B98D1001DE18F /* Debug */ = {
			isa = XCBuildConfiguration;
			buildSettings = {
				INFOPLIST_FILE = "tumble-iosUITests/Info.plist";
				LD_RUNPATH_SEARCH_PATHS = "$(inherited) @executable_path/Frameworks @loader_path/Frameworks";
				PRODUCT_BUNDLE_IDENTIFIER = "me.zechariah.tumble-iosUITests";
				PRODUCT_NAME = "$(TARGET_NAME)";
				TEST_TARGET_NAME = "tumble-ios";
			};
			name = Debug;
		};
		8656A3C01D8B98D1001DE18F /* Release */ = {
			isa = XCBuildConfiguration;
			buildSettings = {
				INFOPLIST_FILE = "tumble-iosUITests/Info.plist";
				LD_RUNPATH_SEARCH_PATHS = "$(inherited) @executable_path/Frameworks @loader_path/Frameworks";
				PRODUCT_BUNDLE_IDENTIFIER = "me.zechariah.tumble-iosUITests";
				PRODUCT_NAME = "$(TARGET_NAME)";
				TEST_TARGET_NAME = "tumble-ios";
			};
			name = Release;
		};
/* End XCBuildConfiguration section */

/* Begin XCConfigurationList section */
		8656A38B1D8B98D1001DE18F /* Build configuration list for PBXProject "tumble-ios" */ = {
			isa = XCConfigurationList;
			buildConfigurations = (
				8656A3B61D8B98D1001DE18F /* Debug */,
				8656A3B71D8B98D1001DE18F /* Release */,
			);
			defaultConfigurationIsVisible = 0;
			defaultConfigurationName = Release;
		};
		8656A3B81D8B98D1001DE18F /* Build configuration list for PBXNativeTarget "tumble-ios" */ = {
			isa = XCConfigurationList;
			buildConfigurations = (
				8656A3B91D8B98D1001DE18F /* Debug */,
				8656A3BA1D8B98D1001DE18F /* Release */,
			);
			defaultConfigurationIsVisible = 0;
		};
		8656A3BB1D8B98D1001DE18F /* Build configuration list for PBXNativeTarget "tumble-iosTests" */ = {
			isa = XCConfigurationList;
			buildConfigurations = (
				8656A3BC1D8B98D1001DE18F /* Debug */,
				8656A3BD1D8B98D1001DE18F /* Release */,
			);
			defaultConfigurationIsVisible = 0;
		};
		8656A3BE1D8B98D1001DE18F /* Build configuration list for PBXNativeTarget "tumble-iosUITests" */ = {
			isa = XCConfigurationList;
			buildConfigurations = (
				8656A3BF1D8B98D1001DE18F /* Debug */,
				8656A3C01D8B98D1001DE18F /* Release */,
			);
			defaultConfigurationIsVisible = 0;
		};
/* End XCConfigurationList section */
	};
	rootObject = 8656A3881D8B98D1001DE18F /* Project object */;
}
